
Microsoft Visual Studio Solution File, Format Version 11.00
# Visual C# Express 2010
Project("{FAE04EC0-301F-11D3-BF4B-00C04F79EFBC}") = "BHS_questionnaire_demo", "BHS_questionnaire_demo\BHS_questionnaire_demo.csproj", "{ACCED9AE-4550-42A6-AB68-7CA377ADD881}"
EndProject
Global
	GlobalSection(SolutionConfigurationPlatforms) = preSolution
		Debug|x86 = Debug|x86
		Release|x86 = Release|x86
	EndGlobalSection
	GlobalSection(ProjectConfigurationPlatforms) = postSolution
		{ACCED9AE-4550-42A6-AB68-7CA377ADD881}.Debug|x86.ActiveCfg = Debug|x86
		{ACCED9AE-4550-42A6-AB68-7CA377ADD881}.Debug|x86.Build.0 = Debug|x86
		{ACCED9AE-4550-42A6-AB68-7CA377ADD881}.Release|x86.ActiveCfg = Release|x86
		{ACCED9AE-4550-42A6-AB68-7CA377ADD881}.Release|x86.Build.0 = Release|x86
	EndGlobalSection
	GlobalSection(SolutionProperties) = preSolution
		HideSolutionNode = FALSE
	EndGlobalSection
EndGlobal
